
Microsoft Visual Studio Solution File, Format Version 11.00
# Visual C# Express 2010
Project("{FAE04EC0-301F-11D3-BF4B-00C04F79EFBC}") = "WindowsFormsApplication1", "WindowsFormsApplication1\WindowsFormsApplication1.csproj", "{9D92D25F-49EF-4ACB-AC1A-9D2CF5FDBDBE}"
EndProject
Project("{FAE04EC0-301F-11D3-BF4B-00C04F79EFBC}") = "Priority Queue", "..\..\..\..\Desktop\wtf\BlueRaja-high-speed-priority-queue-for-c-19dda413a12d\Priority Queue\Priority Queue.csproj", "{1531C1EA-BD53-41D1-A34B-CFCDF79D2651}"
EndProject
Global
	GlobalSection(SolutionConfigurationPlatforms) = preSolution
		Debug|Any CPU = Debug|Any CPU
		Debug|Mixed Platforms = Debug|Mixed Platforms
		Debug|x86 = Debug|x86
		Release|Any CPU = Release|Any CPU
		Release|Mixed Platforms = Release|Mixed Platforms
		Release|x86 = Release|x86
	EndGlobalSection
	GlobalSection(ProjectConfigurationPlatforms) = postSolution
		{9D92D25F-49EF-4ACB-AC1A-9D2CF5FDBDBE}.Debug|Any CPU.ActiveCfg = Debug|x86
		{9D92D25F-49EF-4ACB-AC1A-9D2CF5FDBDBE}.Debug|Mixed Platforms.ActiveCfg = Debug|x86
		{9D92D25F-49EF-4ACB-AC1A-9D2CF5FDBDBE}.Debug|Mixed Platforms.Build.0 = Debug|x86
		{9D92D25F-49EF-4ACB-AC1A-9D2CF5FDBDBE}.Debug|x86.ActiveCfg = Debug|x86
		{9D92D25F-49EF-4ACB-AC1A-9D2CF5FDBDBE}.Debug|x86.Build.0 = Debug|x86
		{9D92D25F-49EF-4ACB-AC1A-9D2CF5FDBDBE}.Release|Any CPU.ActiveCfg = Release|x86
		{9D92D25F-49EF-4ACB-AC1A-9D2CF5FDBDBE}.Release|Mixed Platforms.ActiveCfg = Release|x86
		{9D92D25F-49EF-4ACB-AC1A-9D2CF5FDBDBE}.Release|Mixed Platforms.Build.0 = Release|x86
		{9D92D25F-49EF-4ACB-AC1A-9D2CF5FDBDBE}.Release|x86.ActiveCfg = Release|x86
		{9D92D25F-49EF-4ACB-AC1A-9D2CF5FDBDBE}.Release|x86.Build.0 = Release|x86
		{1531C1EA-BD53-41D1-A34B-CFCDF79D2651}.Debug|Any CPU.ActiveCfg = Debug|Any CPU
		{1531C1EA-BD53-41D1-A34B-CFCDF79D2651}.Debug|Any CPU.Build.0 = Debug|Any CPU
		{1531C1EA-BD53-41D1-A34B-CFCDF79D2651}.Debug|Mixed Platforms.ActiveCfg = Debug|Any CPU
		{1531C1EA-BD53-41D1-A34B-CFCDF79D2651}.Debug|Mixed Platforms.Build.0 = Debug|Any CPU
		{1531C1EA-BD53-41D1-A34B-CFCDF79D2651}.Debug|x86.ActiveCfg = Debug|Any CPU
		{1531C1EA-BD53-41D1-A34B-CFCDF79D2651}.Release|Any CPU.ActiveCfg = Release|Any CPU
		{1531C1EA-BD53-41D1-A34B-CFCDF79D2651}.Release|Any CPU.Build.0 = Release|Any CPU
		{1531C1EA-BD53-41D1-A34B-CFCDF79D2651}.Release|Mixed Platforms.ActiveCfg = Release|Any CPU
		{1531C1EA-BD53-41D1-A34B-CFCDF79D2651}.Release|Mixed Platforms.Build.0 = Release|Any CPU
		{1531C1EA-BD53-41D1-A34B-CFCDF79D2651}.Release|x86.ActiveCfg = Release|Any CPU
	EndGlobalSection
	GlobalSection(SolutionProperties) = preSolution
		HideSolutionNode = FALSE
	EndGlobalSection
EndGlobal
